
Microsoft Visual Studio Solution File, Format Version 12.00
# Visual Studio Version 16
VisualStudioVersion = 16.0.30621.155
MinimumVisualStudioVersion = 10.0.40219.1
Project("{FAE04EC0-301F-11D3-BF4B-00C04F79EFBC}") = "ThreadSynchronizationH2", "ThreadSynchronizationH2\ThreadSynchronizationH2.csproj", "{1AC90BA4-0555-4D0E-BE4B-F40EF0E106CD}"
EndProject
Global
	GlobalSection(SolutionConfigurationPlatforms) = preSolution
		Debug|Any CPU = Debug|Any CPU
		Release|Any CPU = Release|Any CPU
	EndGlobalSection
	GlobalSection(ProjectConfigurationPlatforms) = postSolution
		{1AC90BA4-0555-4D0E-BE4B-F40EF0E106CD}.Debug|Any CPU.ActiveCfg = Debug|Any CPU
		{1AC90BA4-0555-4D0E-BE4B-F40EF0E106CD}.Debug|Any CPU.Build.0 = Debug|Any CPU
		{1AC90BA4-0555-4D0E-BE4B-F40EF0E106CD}.Release|Any CPU.ActiveCfg = Release|Any CPU
		{1AC90BA4-0555-4D0E-BE4B-F40EF0E106CD}.Release|Any CPU.Build.0 = Release|Any CPU
	EndGlobalSection
	GlobalSection(SolutionProperties) = preSolution
		HideSolutionNode = FALSE
	EndGlobalSection
	GlobalSection(ExtensibilityGlobals) = postSolution
		SolutionGuid = {D3C6B39B-DF29-4C0C-890B-E5242631AFF1}
	EndGlobalSection
EndGlobal
